
Microsoft Visual Studio Solution File, Format Version 12.00
# Visual Studio Version 16
VisualStudioVersion = 16.0.29306.81
MinimumVisualStudioVersion = 10.0.40219.1
Project("{FAE04EC0-301F-11D3-BF4B-00C04F79EFBC}") = "tomcMatijaPonavljanjeZd3", "tomcMatijaPonavljanjeZd3\tomcMatijaPonavljanjeZd3.csproj", "{791E4751-BB39-4B0D-B11B-23556FEFA176}"
EndProject
Global
	GlobalSection(SolutionConfigurationPlatforms) = preSolution
		Debug|Any CPU = Debug|Any CPU
		Release|Any CPU = Release|Any CPU
	EndGlobalSection
	GlobalSection(ProjectConfigurationPlatforms) = postSolution
		{791E4751-BB39-4B0D-B11B-23556FEFA176}.Debug|Any CPU.ActiveCfg = Debug|Any CPU
		{791E4751-BB39-4B0D-B11B-23556FEFA176}.Debug|Any CPU.Build.0 = Debug|Any CPU
		{791E4751-BB39-4B0D-B11B-23556FEFA176}.Release|Any CPU.ActiveCfg = Release|Any CPU
		{791E4751-BB39-4B0D-B11B-23556FEFA176}.Release|Any CPU.Build.0 = Release|Any CPU
	EndGlobalSection
	GlobalSection(SolutionProperties) = preSolution
		HideSolutionNode = FALSE
	EndGlobalSection
	GlobalSection(ExtensibilityGlobals) = postSolution
		SolutionGuid = {2B6EEB6B-86B4-4A31-9F1A-9424BB5C3C0B}
	EndGlobalSection
EndGlobal
